<?xml version="1.0" encoding="utf-8"?>
<Project ToolsVersion="4.0" xmlns="http://schemas.microsoft.com/developer/msbuild/2003">
  <ItemGroup>
    <Filter Include="源文件">
      <UniqueIdentifier>{4FC737F1-C7A5-4376-A066-2A32D752A2FF}</UniqueIdentifier>
      <Extensions>cpp;c;cc;cxx;c++;cppm;ixx;def;odl;idl;hpj;bat;asm;asmx</Extensions>
    </Filter>
    <Filter Include="头文件">
      <UniqueIdentifier>{93995380-89BD-4b04-88EB-625FBE52EBFB}</UniqueIdentifier>
      <Extensions>h;hh;hpp;hxx;h++;hm;inl;inc;ipp;xsd</Extensions>
    </Filter>
    <Filter Include="资源文件">
      <UniqueIdentifier>{67DA6AB6-F800-4c08-8B7A-83BB121AAD01}</UniqueIdentifier>
      <Extensions>rc;ico;cur;bmp;dlg;rc2;rct;bin;rgs;gif;jpg;jpeg;jpe;resx;tiff;tif;png;wav;mfcribbon-ms</Extensions>
    </Filter>
  </ItemGroup>
  <ItemGroup>
    <ClCompile Include="main.cpp">
      <Filter>源文件</Filter>
    </ClCompile>
    <ClCompile Include="Spirit.cpp">
      <Filter>源文件</Filter>
    </ClCompile>
    <ClCompile Include="MovingSpirit.cpp">
      <Filter>源文件</Filter>
    </ClCompile>
    <ClCompile Include="SpiritManager.cpp">
      <Filter>源文件</Filter>
    </ClCompile>
    <ClCompile Include="SpiritNode.cpp">
      <Filter>源文件</Filter>
    </ClCompile>
    <ClCompile Include="SDLAudioPlayer.cpp">
      <Filter>源文件</Filter>
    </ClCompile>
    <ClCompile Include="EnemyAndBuffetManager.cpp">
      <Filter>源文件</Filter>
    </ClCompile>
    <ClCompile Include="AnimePlay.cpp">
      <Filter>源文件</Filter>
    </ClCompile>
  </ItemGroup>
  <ItemGroup>
    <ClInclude Include="Spirit.h">
      <Filter>头文件</Filter>
    </ClInclude>
    <ClInclude Include="MovingSpirit.h">
      <Filter>头文件</Filter>
    </ClInclude>
    <ClInclude Include="SpiritManager.h">
      <Filter>头文件</Filter>
    </ClInclude>
    <ClInclude Include="SpiritNode.h">
      <Filter>头文件</Filter>
    </ClInclude>
    <ClInclude Include="GameObject.h">
      <Filter>头文件</Filter>
    </ClInclude>
    <ClInclude Include="SDLAudioPlayer.h">
      <Filter>头文件</Filter>
    </ClInclude>
    <ClInclude Include="EnemyAndBuffetManager.h">
      <Filter>头文件</Filter>
    </ClInclude>
    <ClInclude Include="resource.h">
      <Filter>头文件</Filter>
    </ClInclude>
    <ClInclude Include="AnimePlay.h">
      <Filter>头文件</Filter>
    </ClInclude>
  </ItemGroup>
  <ItemGroup>
    <None Include="SDL3.dll">
      <Filter>资源文件</Filter>
    </None>
    <None Include="SDL3_image.dll">
      <Filter>资源文件</Filter>
    </None>
  </ItemGroup>
  <ItemGroup>
    <Image Include="resource\img\pinao.png">
      <Filter>资源文件</Filter>
    </Image>
    <Image Include="resource\img\note.png">
      <Filter>资源文件</Filter>
    </Image>
    <Image Include="resource\img\background.png">
      <Filter>资源文件</Filter>
    </Image>
    <Image Include="resource\img\bullet.png">
      <Filter>资源文件</Filter>
    </Image>
    <Image Include="resource\img\BadEighthNote.png">
      <Filter>资源文件</Filter>
    </Image>
    <Image Include="resource\img\school.png">
      <Filter>资源文件</Filter>
    </Image>
    <Image Include="resource\img\EighthRest.png">
      <Filter>资源文件</Filter>
    </Image>
    <Image Include="resource\img\SixteenthRest.png">
      <Filter>资源文件</Filter>
    </Image>
  </ItemGroup>
  <ItemGroup>
    <ResourceCompile Include="SDLTest.rc">
      <Filter>资源文件</Filter>
    </ResourceCompile>
  </ItemGroup>
</Project>